
Microsoft Visual Studio Solution File, Format Version 12.00
# Visual Studio 2012
Project("{FAE04EC0-301F-11D3-BF4B-00C04F79EFBC}") = "FIMCalendar", "FIMCalendar.csproj", "{F79B8436-64B6-4E8D-A8CF-514A3C4BEFB4}"
EndProject
Global
	GlobalSection(SolutionConfigurationPlatforms) = preSolution
		Debug|Any CPU = Debug|Any CPU
		Release|Any CPU = Release|Any CPU
	EndGlobalSection
	GlobalSection(ProjectConfigurationPlatforms) = postSolution
		{F79B8436-64B6-4E8D-A8CF-514A3C4BEFB4}.Debug|Any CPU.ActiveCfg = Debug|Any CPU
		{F79B8436-64B6-4E8D-A8CF-514A3C4BEFB4}.Debug|Any CPU.Build.0 = Debug|Any CPU
		{F79B8436-64B6-4E8D-A8CF-514A3C4BEFB4}.Release|Any CPU.ActiveCfg = Release|Any CPU
		{F79B8436-64B6-4E8D-A8CF-514A3C4BEFB4}.Release|Any CPU.Build.0 = Release|Any CPU
	EndGlobalSection
	GlobalSection(SolutionProperties) = preSolution
		HideSolutionNode = FALSE
	EndGlobalSection
EndGlobal
